{
  "lockfile_version": "1",
  "packages": {
    "air@latest": {
      "last_modified": "2024-12-30T01:48:12Z",
      "resolved": "github:NixOS/nixpkgs/6d97d419e5a9b36e6293887a89a078cf85f5a61b#air",
      "source": "devbox-search",
      "version": "1.61.5",
      "systems": {
        "aarch64-darwin": {
          "outputs": [
            {
              "name": "out",
              "path": "/nix/store/rs0n8933si8a90dhw87vvk2cf7zgj0cx-air-1.61.5",
              "default": true
            }
          ],
          "store_path": "/nix/store/rs0n8933si8a90dhw87vvk2cf7zgj0cx-air-1.61.5"
        },
        "aarch64-linux": {
          "outputs": [
            {
              "name": "out",
              "path": "/nix/store/nr32snxh14xi32h3b13dppzibpwh92i4-air-1.61.5",
              "default": true
            }
          ],
          "store_path": "/nix/store/nr32snxh14xi32h3b13dppzibpwh92i4-air-1.61.5"
        },
        "x86_64-darwin": {
          "outputs": [
            {
              "name": "out",
              "path": "/nix/store/qxhzq0d7xwc8lvis8dw7m3852vnv2av4-air-1.61.5",
              "default": true
            }
          ],
          "store_path": "/nix/store/qxhzq0d7xwc8lvis8dw7m3852vnv2av4-air-1.61.5"
        },
        "x86_64-linux": {
          "outputs": [
            {
              "name": "out",
              "path": "/nix/store/azi6hg4wr3zcq954x4i1v76lyrvll06x-air-1.61.5",
              "default": true
            }
          ],
          "store_path": "/nix/store/azi6hg4wr3zcq954x4i1v76lyrvll06x-air-1.61.5"
        }
      }
    },
    "dbmate@latest": {
      "last_modified": "2025-01-05T01:56:15Z",
      "resolved": "github:NixOS/nixpkgs/bf689c40d035239a489de5997a4da5352434632e#dbmate",
      "source": "devbox-search",
      "version": "2.24.2",
      "systems": {
        "aarch64-darwin": {
          "outputs": [
            {
              "name": "out",
              "path": "/nix/store/4ng5hikxfjwcy558wq70hpbn9cq4qj9g-dbmate-2.24.2",
              "default": true
            }
          ],
          "store_path": "/nix/store/4ng5hikxfjwcy558wq70hpbn9cq4qj9g-dbmate-2.24.2"
        },
        "aarch64-linux": {
          "outputs": [
            {
              "name": "out",
              "path": "/nix/store/6q5ca58g3jyb3y92ssfdfwrpd3h5d2wh-dbmate-2.24.2",
              "default": true
            }
          ],
          "store_path": "/nix/store/6q5ca58g3jyb3y92ssfdfwrpd3h5d2wh-dbmate-2.24.2"
        },
        "x86_64-darwin": {
          "outputs": [
            {
              "name": "out",
              "path": "/nix/store/gj8qcr93yizsl9njav0zpb8xfcxkchh9-dbmate-2.24.2",
              "default": true
            }
          ],
          "store_path": "/nix/store/gj8qcr93yizsl9njav0zpb8xfcxkchh9-dbmate-2.24.2"
        },
        "x86_64-linux": {
          "outputs": [
            {
              "name": "out",
              "path": "/nix/store/y13bz3jd9fqk7102zn1r20alninv1b33-dbmate-2.24.2",
              "default": true
            }
          ],
          "store_path": "/nix/store/y13bz3jd9fqk7102zn1r20alninv1b33-dbmate-2.24.2"
        }
      }
    },
    "go@latest": {
      "last_modified": "2024-12-23T21:10:33Z",
      "resolved": "github:NixOS/nixpkgs/de1864217bfa9b5845f465e771e0ecb48b30e02d#go",
      "source": "devbox-search",
      "version": "1.23.4",
      "systems": {
        "aarch64-darwin": {
          "outputs": [
            {
              "name": "out",
              "path": "/nix/store/bva4mymi5b2lhvvbccx8ipws89rar1d8-go-1.23.4",
              "default": true
            }
          ],
          "store_path": "/nix/store/bva4mymi5b2lhvvbccx8ipws89rar1d8-go-1.23.4"
        },
        "aarch64-linux": {
          "outputs": [
            {
              "name": "out",
              "path": "/nix/store/9lvi0l2yf6bwamsjs5d5n9i57c6kbd2c-go-1.23.4",
              "default": true
            }
          ],
          "store_path": "/nix/store/9lvi0l2yf6bwamsjs5d5n9i57c6kbd2c-go-1.23.4"
        },
        "x86_64-darwin": {
          "outputs": [
            {
              "name": "out",
              "path": "/nix/store/sf1y7x29wvp9lppx5ya9h5b42fcmxb32-go-1.23.4",
              "default": true
            }
          ],
          "store_path": "/nix/store/sf1y7x29wvp9lppx5ya9h5b42fcmxb32-go-1.23.4"
        },
        "x86_64-linux": {
          "outputs": [
            {
              "name": "out",
              "path": "/nix/store/jfv85qbj4vb1dafcg6kncg4vrbq2bbxv-go-1.23.4",
              "default": true
            }
          ],
          "store_path": "/nix/store/jfv85qbj4vb1dafcg6kncg4vrbq2bbxv-go-1.23.4"
        }
      }
    },
    "gopls@0.17.1": {
      "last_modified": "2024-12-23T21:10:33Z",
      "resolved": "github:NixOS/nixpkgs/de1864217bfa9b5845f465e771e0ecb48b30e02d#gopls",
      "source": "devbox-search",
      "version": "0.17.1",
      "systems": {
        "aarch64-darwin": {
          "outputs": [
            {
              "name": "out",
              "path": "/nix/store/b59h9ik2q6nxhkalya692496y4rz42id-gopls-0.17.1",
              "default": true
            }
          ],
          "store_path": "/nix/store/b59h9ik2q6nxhkalya692496y4rz42id-gopls-0.17.1"
        },
        "aarch64-linux": {
          "outputs": [
            {
              "name": "out",
              "path": "/nix/store/lkj8mv03qgvmx97g4zpsk6b6ic813glj-gopls-0.17.1",
              "default": true
            }
          ],
          "store_path": "/nix/store/lkj8mv03qgvmx97g4zpsk6b6ic813glj-gopls-0.17.1"
        },
        "x86_64-darwin": {
          "outputs": [
            {
              "name": "out",
              "path": "/nix/store/g8752b8qvrqk0dpymy5jahbm7lkcp01c-gopls-0.17.1",
              "default": true
            }
          ],
          "store_path": "/nix/store/g8752b8qvrqk0dpymy5jahbm7lkcp01c-gopls-0.17.1"
        },
        "x86_64-linux": {
          "outputs": [
            {
              "name": "out",
              "path": "/nix/store/da1qd9d49rjg5gvqyzhi4ycqs1n2kkp3-gopls-0.17.1",
              "default": true
            }
          ],
          "store_path": "/nix/store/da1qd9d49rjg5gvqyzhi4ycqs1n2kkp3-gopls-0.17.1"
        }
      }
    },
    "yq@latest": {
      "last_modified": "2024-12-23T21:10:33Z",
      "resolved": "github:NixOS/nixpkgs/de1864217bfa9b5845f465e771e0ecb48b30e02d#yq",
      "source": "devbox-search",
      "version": "3.4.3",
      "systems": {
        "aarch64-darwin": {
          "outputs": [
            {
              "name": "out",
              "path": "/nix/store/51hijvyc5fnwpc17rqhhp4z6xpl3np4m-python3.12-yq-3.4.3",
              "default": true
            },
            {
              "name": "dist",
              "path": "/nix/store/65i15w8gkbx5x73qibdrk5bw8igs8xm6-python3.12-yq-3.4.3-dist"
            }
          ],
          "store_path": "/nix/store/51hijvyc5fnwpc17rqhhp4z6xpl3np4m-python3.12-yq-3.4.3"
        },
        "aarch64-linux": {
          "outputs": [
            {
              "name": "out",
              "path": "/nix/store/xl3sjpmqqi81ibfkynlxw9v3dmg769f7-python3.12-yq-3.4.3",
              "default": true
            },
            {
              "name": "dist",
              "path": "/nix/store/lmnvwnhbspljq4kqn9vrr5i0q8693k0z-python3.12-yq-3.4.3-dist"
            }
          ],
          "store_path": "/nix/store/xl3sjpmqqi81ibfkynlxw9v3dmg769f7-python3.12-yq-3.4.3"
        },
        "x86_64-darwin": {
          "outputs": [
            {
              "name": "out",
              "path": "/nix/store/cyjgcan8s893ws34czsym2py628nhx10-python3.12-yq-3.4.3",
              "default": true
            },
            {
              "name": "dist",
              "path": "/nix/store/8gz13jiwl5lqzfmw4mlq5fy51wi58b9b-python3.12-yq-3.4.3-dist"
            }
          ],
          "store_path": "/nix/store/cyjgcan8s893ws34czsym2py628nhx10-python3.12-yq-3.4.3"
        },
        "x86_64-linux": {
          "outputs": [
            {
              "name": "out",
              "path": "/nix/store/04fz3jg4dbfizdlpzqkpvp3j4p6nwg75-python3.12-yq-3.4.3",
              "default": true
            },
            {
              "name": "dist",
              "path": "/nix/store/gpgds87xhyd4jpr048vdirbqpz06wk2d-python3.12-yq-3.4.3-dist"
            }
          ],
          "store_path": "/nix/store/04fz3jg4dbfizdlpzqkpvp3j4p6nwg75-python3.12-yq-3.4.3"
        }
      }
    }
  }
}
